Microsoft Visual Studio Solution File, Format Version 11.00
# Visual Studio 2008

Project("{90BEA3E8-3E2C-2ADF-959C-EF90CA712426}") = "mobilequest", "Assembly-CSharp-firstpass-vs.csproj", "{26DD00BA-B781-FCA4-BF01-FFA129C2531B}"
EndProject
Project("{90BEA3E8-3E2C-2ADF-959C-EF90CA712426}") = "mobilequest", "Assembly-CSharp-vs.csproj", "{B5196A53-9AA3-CCAD-50FE-535DEF621275}"
EndProject
Global
	GlobalSection(SolutionConfigurationPlatforms) = preSolution
		Debug|Any CPU = Debug|Any CPU
		Release|Any CPU = Release|Any CPU
	EndGlobalSection
	GlobalSection(ProjectConfigurationPlatforms) = postSolution
		{26DD00BA-B781-FCA4-BF01-FFA129C2531B}.Debug|Any CPU.ActiveCfg = Debug|Any CPU
		{26DD00BA-B781-FCA4-BF01-FFA129C2531B}.Debug|Any CPU.Build.0 = Debug|Any CPU
		{26DD00BA-B781-FCA4-BF01-FFA129C2531B}.Release|Any CPU.ActiveCfg = Release|Any CPU
		{26DD00BA-B781-FCA4-BF01-FFA129C2531B}.Release|Any CPU.Build.0 = Release|Any CPU
		{B5196A53-9AA3-CCAD-50FE-535DEF621275}.Debug|Any CPU.ActiveCfg = Debug|Any CPU
		{B5196A53-9AA3-CCAD-50FE-535DEF621275}.Debug|Any CPU.Build.0 = Debug|Any CPU
		{B5196A53-9AA3-CCAD-50FE-535DEF621275}.Release|Any CPU.ActiveCfg = Release|Any CPU
		{B5196A53-9AA3-CCAD-50FE-535DEF621275}.Release|Any CPU.Build.0 = Release|Any CPU
	EndGlobalSection
	GlobalSection(SolutionProperties) = preSolution
		HideSolutionNode = FALSE
	EndGlobalSection
																																																											GlobalSection(MonoDevelopProperties) = preSolution
		StartupItem = Assembly-CSharp.csproj
		Policies = $0
		$0.TextStylePolicy = $1
		$1.inheritsSet = null
		$1.scope = text/x-csharp
		$0.CSharpFormattingPolicy = $2
		$2.inheritsSet = Mono
		$2.inheritsScope = text/x-csharp
		$2.scope = text/x-csharp
		$0.TextStylePolicy = $3
		$3.FileWidth = 120
		$3.TabWidth = 4
		$3.EolMarker = Unix
		$3.inheritsSet = Mono
		$3.inheritsScope = text/plain
		$3.scope = text/plain
	EndGlobalSection

EndGlobal
